{
  "projects": [
    {
      "projectId": "ohDidvG9XsCeFumugENU3J",
      "version": "6.24.0",
      "dependencies": {},
      "lang": "ts",
      "fileLocks": [
        {
          "assetId": "ohDidvG9XsCeFumugENU3J",
          "type": "projectCss",
          "checksum": "fd83b730367fdbde2c69bc6cf31c2a3c"
        },
        {
          "assetId": "ohDidvG9XsCeFumugENU3J",
          "checksum": "de0a0e65174a6a185a8f822af51c6bdd",
          "type": "globalContexts"
        }
      ],
      "codegenVersion": "0.0.1"
    },
    {
      "projectId": "eiC1VCbma8t6iMexZerqLa",
      "version": "5.26.0",
      "dependencies": {},
      "lang": "ts",
      "fileLocks": [
        {
          "assetId": "eiC1VCbma8t6iMexZerqLa",
          "type": "projectCss",
          "checksum": "e1ec850476829c38b0f9b6d4f7ac446a"
        },
        {
          "assetId": "eiC1VCbma8t6iMexZerqLa",
          "checksum": "2def64ec49d06aa26baab1064739cbe0",
          "type": "globalContexts"
        }
      ],
      "codegenVersion": "0.0.1"
    },
    {
      "projectId": "xp1p7dmg329XVLHyuEUxD2",
      "version": "11.32.0",
      "dependencies": {},
      "lang": "ts",
      "fileLocks": [
        {
          "assetId": "xp1p7dmg329XVLHyuEUxD2",
          "type": "projectCss",
          "checksum": "1b891cf9539f1db972dc4163ae1172e9"
        }
      ],
      "codegenVersion": "0.0.1"
    },
    {
      "projectId": "oDn7wdWyHsZpqBYxQPecYY",
      "version": "latest",
      "dependencies": {
        "xp1p7dmg329XVLHyuEUxD2": "11.32.0",
        "eiC1VCbma8t6iMexZerqLa": "5.26.0",
        "ohDidvG9XsCeFumugENU3J": "6.24.0"
      },
      "lang": "ts",
      "fileLocks": [
        {
          "type": "globalVariant",
          "assetId": "JLoFvAOJ5aPq",
          "checksum": "c54fda2d9bdd3e9eaa56ccbb0789a43a"
        },
        {
          "assetId": "oDn7wdWyHsZpqBYxQPecYY",
          "type": "projectCss",
          "checksum": "29d71677dd0c73cd8bc9bba63355ddad"
        },
        {
          "assetId": "oDn7wdWyHsZpqBYxQPecYY",
          "checksum": "0c95f17ee0a7a3b38eea62fcaed00261",
          "type": "globalContexts"
        },
        {
          "type": "renderModule",
          "assetId": "w8gQlv1tm0rM",
          "checksum": "d927d57dafc95eb10d53eee2e0707963"
        },
        {
          "type": "cssRules",
          "assetId": "w8gQlv1tm0rM",
          "checksum": "d927d57dafc95eb10d53eee2e0707963"
        },
        {
          "type": "renderModule",
          "assetId": "I5js4PhjVC86",
          "checksum": "80379a91b1ff21fece7d01722a1aca33"
        },
        {
          "type": "cssRules",
          "assetId": "I5js4PhjVC86",
          "checksum": "80379a91b1ff21fece7d01722a1aca33"
        },
        {
          "type": "renderModule",
          "assetId": "KyOtxkGq5z0v",
          "checksum": "4d5a6eb5e9504e015a13e0c231f530f6"
        },
        {
          "type": "cssRules",
          "assetId": "KyOtxkGq5z0v",
          "checksum": "4d5a6eb5e9504e015a13e0c231f530f6"
        },
        {
          "type": "renderModule",
          "assetId": "ppX7-dDbM1AF",
          "checksum": "c2d1784e314a954910181c1fdc91f5cc"
        },
        {
          "type": "cssRules",
          "assetId": "ppX7-dDbM1AF",
          "checksum": "c2d1784e314a954910181c1fdc91f5cc"
        },
        {
          "type": "renderModule",
          "assetId": "qDMzNhCj4r2d",
          "checksum": "77c24651c8fbee25a21f30b4fef64b27"
        },
        {
          "type": "cssRules",
          "assetId": "qDMzNhCj4r2d",
          "checksum": "77c24651c8fbee25a21f30b4fef64b27"
        },
        {
          "type": "renderModule",
          "assetId": "91gOed87lLS3",
          "checksum": "91b7ad040632bf5dfa8c8bff610b30d6"
        },
        {
          "type": "cssRules",
          "assetId": "91gOed87lLS3",
          "checksum": "91b7ad040632bf5dfa8c8bff610b30d6"
        },
        {
          "type": "renderModule",
          "assetId": "gI-_xi3HSGWq",
          "checksum": "241ba563d8b77aa4a58862e018a1ae1b"
        },
        {
          "type": "cssRules",
          "assetId": "gI-_xi3HSGWq",
          "checksum": "241ba563d8b77aa4a58862e018a1ae1b"
        },
        {
          "type": "renderModule",
          "assetId": "LF0l4lmcJS4C",
          "checksum": "aae6f2e69864a2ad4310bdb8b383cd70"
        },
        {
          "type": "cssRules",
          "assetId": "LF0l4lmcJS4C",
          "checksum": "aae6f2e69864a2ad4310bdb8b383cd70"
        },
        {
          "type": "renderModule",
          "assetId": "FpTj41LwXUM8",
          "checksum": "670bea21b9c1ed61015947db16cb455c"
        },
        {
          "type": "cssRules",
          "assetId": "FpTj41LwXUM8",
          "checksum": "670bea21b9c1ed61015947db16cb455c"
        },
        {
          "type": "renderModule",
          "assetId": "EcVxwdAQ7Whw",
          "checksum": "164a763e7a602514fac10c938bf1704b"
        },
        {
          "type": "cssRules",
          "assetId": "EcVxwdAQ7Whw",
          "checksum": "164a763e7a602514fac10c938bf1704b"
        },
        {
          "type": "renderModule",
          "assetId": "hKcwpjI3wITu",
          "checksum": "30f6ebf7fad359ce01697a57f899c13d"
        },
        {
          "type": "cssRules",
          "assetId": "hKcwpjI3wITu",
          "checksum": "30f6ebf7fad359ce01697a57f899c13d"
        },
        {
          "type": "renderModule",
          "assetId": "pr_5-7gethGL",
          "checksum": "ead41576aedbf723d7fa5d36ac90cb8a"
        },
        {
          "type": "cssRules",
          "assetId": "pr_5-7gethGL",
          "checksum": "ead41576aedbf723d7fa5d36ac90cb8a"
        },
        {
          "type": "renderModule",
          "assetId": "1Cb_vO42LpNq",
          "checksum": "e52afd1eb6708f114b53ed7ec5ee8c93"
        },
        {
          "type": "cssRules",
          "assetId": "1Cb_vO42LpNq",
          "checksum": "e52afd1eb6708f114b53ed7ec5ee8c93"
        },
        {
          "type": "renderModule",
          "assetId": "-pyQ0ZlAFi0z",
          "checksum": "711ead23955c8dd7e430432d9c388a65"
        },
        {
          "type": "cssRules",
          "assetId": "-pyQ0ZlAFi0z",
          "checksum": "711ead23955c8dd7e430432d9c388a65"
        },
        {
          "type": "renderModule",
          "assetId": "4aBMofSs2dj0",
          "checksum": "8cffdf580461d4ede855c7c0ae130686"
        },
        {
          "type": "cssRules",
          "assetId": "4aBMofSs2dj0",
          "checksum": "8cffdf580461d4ede855c7c0ae130686"
        },
        {
          "type": "renderModule",
          "assetId": "XYZYhKQKa5rH",
          "checksum": "77188c4a9ca2f1bc0a3b5c53665c75c9"
        },
        {
          "type": "cssRules",
          "assetId": "XYZYhKQKa5rH",
          "checksum": "77188c4a9ca2f1bc0a3b5c53665c75c9"
        },
        {
          "type": "renderModule",
          "assetId": "YM2IWb6-7x__",
          "checksum": "1da19b84c7709928ac911688766e4b32"
        },
        {
          "type": "cssRules",
          "assetId": "YM2IWb6-7x__",
          "checksum": "1da19b84c7709928ac911688766e4b32"
        },
        {
          "type": "renderModule",
          "assetId": "7YeltuFvOqEM",
          "checksum": "f921214bc17bbbb2088e94ba4528a7de"
        },
        {
          "type": "cssRules",
          "assetId": "7YeltuFvOqEM",
          "checksum": "f921214bc17bbbb2088e94ba4528a7de"
        },
        {
          "type": "renderModule",
          "assetId": "V38XNak8TkBI",
          "checksum": "301b4d3c0bc6fb49f65baa43fce9a33b"
        },
        {
          "type": "cssRules",
          "assetId": "V38XNak8TkBI",
          "checksum": "301b4d3c0bc6fb49f65baa43fce9a33b"
        },
        {
          "type": "renderModule",
          "assetId": "oSRdnf36ND0v",
          "checksum": "9f5158dad07377798a1bd0b5be901767"
        },
        {
          "type": "cssRules",
          "assetId": "oSRdnf36ND0v",
          "checksum": "9f5158dad07377798a1bd0b5be901767"
        },
        {
          "type": "renderModule",
          "assetId": "Ua0JAOuc2lTX",
          "checksum": "59c7a13f4746889dd35da67253453e67"
        },
        {
          "type": "cssRules",
          "assetId": "Ua0JAOuc2lTX",
          "checksum": "59c7a13f4746889dd35da67253453e67"
        },
        {
          "type": "icon",
          "assetId": "30-RNx0w20PV",
          "checksum": "751777527caab1978d7191a68455a245"
        },
        {
          "type": "icon",
          "assetId": "Bl1NPcyvgth9",
          "checksum": "c1500d544fc891c13f9a517f51237307"
        },
        {
          "type": "icon",
          "assetId": "iDBqeLy3gvxe",
          "checksum": "86922f6c1d9341be7015c6970740c0bf"
        },
        {
          "type": "icon",
          "assetId": "dpmZiU3Eo7tI",
          "checksum": "ee4fc1f9e0d2825c615207062ae7b296"
        },
        {
          "type": "icon",
          "assetId": "nXx_8qvGV6M9",
          "checksum": "d32ca1b0d0ba8dd02d2caae3206c90a7"
        },
        {
          "type": "icon",
          "assetId": "MWW2L49UdiWV",
          "checksum": "1c1bb93e33b07d9a7aaa03fe4294aa99"
        },
        {
          "type": "icon",
          "assetId": "5cRl8ge_4u55",
          "checksum": "e49fbecf038ca72255fe5eebfb1d1e3f"
        },
        {
          "type": "icon",
          "assetId": "faSNjLcBaqtF",
          "checksum": "b95ba786793af03a8ad5f1d27855d621"
        },
        {
          "type": "icon",
          "assetId": "r-0xa9xlFQHA",
          "checksum": "757b90891f7c95bfdebacfd46f19e623"
        },
        {
          "type": "icon",
          "assetId": "vgnGHPdtvCPx",
          "checksum": "60f0bc14522d67c5c222b7ec83684cb2"
        },
        {
          "type": "icon",
          "assetId": "HCLMFHaTu_j6",
          "checksum": "ad756fe50d339ca822823afaa15f8034"
        },
        {
          "type": "icon",
          "assetId": "eoUOcGZpxyIi",
          "checksum": "5263d3ee9f5c10b6ab99d8297f5cc929"
        },
        {
          "type": "icon",
          "assetId": "bCzXRTy8hgpn",
          "checksum": "4f7073588115f8fe4c9adefb6142516f"
        },
        {
          "type": "icon",
          "assetId": "pA9iXz50vW-u",
          "checksum": "7c55661573bd1ed05c477b3592edb879"
        },
        {
          "type": "icon",
          "assetId": "CWlHCO3Mr0t0",
          "checksum": "b9fc090b37009e21169d1579923bfffa"
        },
        {
          "type": "icon",
          "assetId": "YDbptbvHk5HT",
          "checksum": "706643c3aaf3aa2073b1aed565f8f735"
        },
        {
          "type": "icon",
          "assetId": "JogYduvbeOiW",
          "checksum": "daac1aa1f648553406dd2f1409f5745a"
        },
        {
          "type": "icon",
          "assetId": "N4JVTAtxCskV",
          "checksum": "4476ee11830bf6367b5f635e3277744c"
        },
        {
          "type": "icon",
          "assetId": "_f--HFby5mVf",
          "checksum": "5a2813652634c63a1f7155efae85e14e"
        },
        {
          "type": "icon",
          "assetId": "UsR0ZBHjkauF",
          "checksum": "fdfec5fc01fc876dafe5b9a765e9ed1a"
        },
        {
          "type": "image",
          "assetId": "5LiBUdyfDIH0",
          "checksum": "9bd17a828af54f9fdd5fde25b623275d"
        },
        {
          "type": "image",
          "assetId": "Mitqi8RnghmR",
          "checksum": "1ca58754473d9254e6b2b82382d750df"
        },
        {
          "type": "image",
          "assetId": "ZPmGzC8KaWyV",
          "checksum": "ed894c4be356ae96316f112506d55f98"
        },
        {
          "type": "image",
          "assetId": "ORxe-r31kFj5",
          "checksum": "e5b4f31987973ede94b3247ec440cc4f"
        },
        {
          "type": "image",
          "assetId": "w6jd6BNQ2Pw-",
          "checksum": "46e6769a0c0383820ca1f879311508ec"
        },
        {
          "type": "image",
          "assetId": "x3cW0aidb2yS",
          "checksum": "2a858b2bc7726caba3801e9867167319"
        },
        {
          "type": "image",
          "assetId": "ORT1j1jsthTa",
          "checksum": "470cd3d6119b2e2997d692f4c195af39"
        },
        {
          "type": "image",
          "assetId": "K_Br7P7_fvYu",
          "checksum": "abace242763353cced880729885993ad"
        },
        {
          "type": "image",
          "assetId": "oG5EQ5TPIUS2",
          "checksum": "f01d54b66b287eec357333077d70ab4a"
        },
        {
          "type": "image",
          "assetId": "6xNycPmoS7mA",
          "checksum": "8c8ad81d8909e45bf8a13f3d364dbd05"
        },
        {
          "type": "image",
          "assetId": "_No2QTdI2INX",
          "checksum": "f6bd2391e539528cfac9208efdbb77dc"
        },
        {
          "type": "image",
          "assetId": "H0FAV_2ZRKw-",
          "checksum": "118e44a4481c1c65fe2f30c3d6678a4b"
        },
        {
          "type": "image",
          "assetId": "OC2SjKvi8pA1",
          "checksum": "1b6c408f1696f52fb2f859e56f7755ca"
        },
        {
          "type": "image",
          "assetId": "Yqqmt2kRJDd_",
          "checksum": "3566048ce2d40058bc1989431e195290"
        },
        {
          "type": "image",
          "assetId": "M-3BqbDJ6FTa",
          "checksum": "a782dd8ab1286db66e728fa6f283a01b"
        },
        {
          "type": "image",
          "assetId": "PsqV7hT4OVIr",
          "checksum": "265fc8d8bcbceb34008ba8b449b83c77"
        },
        {
          "type": "image",
          "assetId": "dg_r16p-WZoH",
          "checksum": "03938b3219c1ba0172db43b1f1374ab3"
        },
        {
          "type": "image",
          "assetId": "97aZkVBLJOzo",
          "checksum": "b3b6e1b533865b3cc15ed14eac573394"
        },
        {
          "type": "image",
          "assetId": "1Q73y52X-Vkg",
          "checksum": "0e22b7670e4c4bb820419b10ad2f3a32"
        },
        {
          "type": "image",
          "assetId": "PvJa2OGS44DM",
          "checksum": "73dd1c90355ede16d08dbf5f092b5f5d"
        },
        {
          "type": "image",
          "assetId": "Uio2G6ssCy5x",
          "checksum": "f461ffa8d9ae1f633e08a28eafcdebb7"
        },
        {
          "type": "image",
          "assetId": "obRZjuFrulw5",
          "checksum": "5045440aa9616b854f3367703e6a48eb"
        },
        {
          "type": "image",
          "assetId": "ERtSddwoovIJ",
          "checksum": "b03a31b3445dfe365d96cee2d541de2c"
        },
        {
          "type": "image",
          "assetId": "Kdng8T8CBrun",
          "checksum": "3adee07fecf8fe8cb52a8d006153e8ad"
        },
        {
          "type": "image",
          "assetId": "dwPfHWai6rJZ",
          "checksum": "67fdf2e2862aa35f92e38031fb60a89a"
        },
        {
          "type": "image",
          "assetId": "qajFaUigVyWC",
          "checksum": "002e28de3ba628654dac3bca2c94f67b"
        }
      ],
      "codegenVersion": "0.0.1"
    }
  ],
  "cliVersion": "0.1.330"
}
